
Microsoft Visual Studio Solution File, Format Version 12.00
# Visual Studio Version 17
VisualStudioVersion = 17.5.33530.505
MinimumVisualStudioVersion = 10.0.40219.1
Project("{9A19103F-16F7-4668-BE54-9A1E7A4F7556}") = "Entities", "Entities\Entities.csproj", "{D3759329-7EEA-4445-93C9-BF5F23A92967}"
EndProject
Project("{9A19103F-16F7-4668-BE54-9A1E7A4F7556}") = "DataAccess", "DataAccess\DataAccess.csproj", "{872BE657-B9E8-4B0C-BFBA-38E7421AD47A}"
EndProject
Project("{9A19103F-16F7-4668-BE54-9A1E7A4F7556}") = "Business", "Business\Business.csproj", "{453BC0D1-760B-4A03-97E5-CABBC659F868}"
EndProject
Project("{9A19103F-16F7-4668-BE54-9A1E7A4F7556}") = "Core", "Core\Core.csproj", "{5E48FC7B-4F0E-4AE6-9C0A-A041A9A49BD0}"
EndProject
Project("{9A19103F-16F7-4668-BE54-9A1E7A4F7556}") = "WebAPI", "WebAPI\WebAPI.csproj", "{3E795B21-5CEC-49DD-A35C-A41E5DEE9A5B}"
EndProject
Project("{2150E333-8FDC-42A3-9474-1A3956D46DE8}") = "Solution Items", "Solution Items", "{BAAC488D-6B67-44BC-AA90-49C81EBD1573}"
	ProjectSection(SolutionItems) = preProject
		Filehelper-JWt.txt = Filehelper-JWt.txt
	EndProjectSection
EndProject
Global
	GlobalSection(SolutionConfigurationPlatforms) = preSolution
		Debug|Any CPU = Debug|Any CPU
		Release|Any CPU = Release|Any CPU
	EndGlobalSection
	GlobalSection(ProjectConfigurationPlatforms) = postSolution
		{D3759329-7EEA-4445-93C9-BF5F23A92967}.Debug|Any CPU.ActiveCfg = Debug|Any CPU
		{D3759329-7EEA-4445-93C9-BF5F23A92967}.Debug|Any CPU.Build.0 = Debug|Any CPU
		{D3759329-7EEA-4445-93C9-BF5F23A92967}.Release|Any CPU.ActiveCfg = Release|Any CPU
		{D3759329-7EEA-4445-93C9-BF5F23A92967}.Release|Any CPU.Build.0 = Release|Any CPU
		{872BE657-B9E8-4B0C-BFBA-38E7421AD47A}.Debug|Any CPU.ActiveCfg = Debug|Any CPU
		{872BE657-B9E8-4B0C-BFBA-38E7421AD47A}.Debug|Any CPU.Build.0 = Debug|Any CPU
		{872BE657-B9E8-4B0C-BFBA-38E7421AD47A}.Release|Any CPU.ActiveCfg = Release|Any CPU
		{872BE657-B9E8-4B0C-BFBA-38E7421AD47A}.Release|Any CPU.Build.0 = Release|Any CPU
		{453BC0D1-760B-4A03-97E5-CABBC659F868}.Debug|Any CPU.ActiveCfg = Debug|Any CPU
		{453BC0D1-760B-4A03-97E5-CABBC659F868}.Debug|Any CPU.Build.0 = Debug|Any CPU
		{453BC0D1-760B-4A03-97E5-CABBC659F868}.Release|Any CPU.ActiveCfg = Release|Any CPU
		{453BC0D1-760B-4A03-97E5-CABBC659F868}.Release|Any CPU.Build.0 = Release|Any CPU
		{5E48FC7B-4F0E-4AE6-9C0A-A041A9A49BD0}.Debug|Any CPU.ActiveCfg = Debug|Any CPU
		{5E48FC7B-4F0E-4AE6-9C0A-A041A9A49BD0}.Debug|Any CPU.Build.0 = Debug|Any CPU
		{5E48FC7B-4F0E-4AE6-9C0A-A041A9A49BD0}.Release|Any CPU.ActiveCfg = Release|Any CPU
		{5E48FC7B-4F0E-4AE6-9C0A-A041A9A49BD0}.Release|Any CPU.Build.0 = Release|Any CPU
		{3E795B21-5CEC-49DD-A35C-A41E5DEE9A5B}.Debug|Any CPU.ActiveCfg = Debug|Any CPU
		{3E795B21-5CEC-49DD-A35C-A41E5DEE9A5B}.Debug|Any CPU.Build.0 = Debug|Any CPU
		{3E795B21-5CEC-49DD-A35C-A41E5DEE9A5B}.Release|Any CPU.ActiveCfg = Release|Any CPU
		{3E795B21-5CEC-49DD-A35C-A41E5DEE9A5B}.Release|Any CPU.Build.0 = Release|Any CPU
	EndGlobalSection
	GlobalSection(SolutionProperties) = preSolution
		HideSolutionNode = FALSE
	EndGlobalSection
	GlobalSection(ExtensibilityGlobals) = postSolution
		SolutionGuid = {71A8650B-9170-435D-862D-3CEE2623CB37}
	EndGlobalSection
EndGlobal
